
Microsoft Visual Studio Solution File, Format Version 12.00
# Visual Studio Version 17
VisualStudioVersion = 17.5.33502.453
MinimumVisualStudioVersion = 10.0.40219.1
Project("{FAE04EC0-301F-11D3-BF4B-00C04F79EFBC}") = "Localize.Domain", "Localize.Domain\Localize.Domain.csproj", "{2907909B-2795-44B2-A2CD-25324E7F8551}"
EndProject
Project("{FAE04EC0-301F-11D3-BF4B-00C04F79EFBC}") = "Localize.CrossCutting", "Localize.CrossCutting\Localize.CrossCutting.csproj", "{99E79F09-03CF-4B13-AEA7-A2907E450F2E}"
EndProject
Project("{FAE04EC0-301F-11D3-BF4B-00C04F79EFBC}") = "Localize.InfraData", "Localize.InfraData\Localize.InfraData.csproj", "{C06CFA9D-D3BD-427C-9AA7-10C7D55C7937}"
EndProject
Project("{FAE04EC0-301F-11D3-BF4B-00C04F79EFBC}") = "Localize.API", "Localize.API\Localize.API.csproj", "{30573D92-6628-48F2-9A53-F1073D04FD89}"
EndProject
Global
	GlobalSection(SolutionConfigurationPlatforms) = preSolution
		Debug|Any CPU = Debug|Any CPU
		Release|Any CPU = Release|Any CPU
	EndGlobalSection
	GlobalSection(ProjectConfigurationPlatforms) = postSolution
		{2907909B-2795-44B2-A2CD-25324E7F8551}.Debug|Any CPU.ActiveCfg = Debug|Any CPU
		{2907909B-2795-44B2-A2CD-25324E7F8551}.Debug|Any CPU.Build.0 = Debug|Any CPU
		{2907909B-2795-44B2-A2CD-25324E7F8551}.Release|Any CPU.ActiveCfg = Release|Any CPU
		{2907909B-2795-44B2-A2CD-25324E7F8551}.Release|Any CPU.Build.0 = Release|Any CPU
		{99E79F09-03CF-4B13-AEA7-A2907E450F2E}.Debug|Any CPU.ActiveCfg = Debug|Any CPU
		{99E79F09-03CF-4B13-AEA7-A2907E450F2E}.Debug|Any CPU.Build.0 = Debug|Any CPU
		{99E79F09-03CF-4B13-AEA7-A2907E450F2E}.Release|Any CPU.ActiveCfg = Release|Any CPU
		{99E79F09-03CF-4B13-AEA7-A2907E450F2E}.Release|Any CPU.Build.0 = Release|Any CPU
		{C06CFA9D-D3BD-427C-9AA7-10C7D55C7937}.Debug|Any CPU.ActiveCfg = Debug|Any CPU
		{C06CFA9D-D3BD-427C-9AA7-10C7D55C7937}.Debug|Any CPU.Build.0 = Debug|Any CPU
		{C06CFA9D-D3BD-427C-9AA7-10C7D55C7937}.Release|Any CPU.ActiveCfg = Release|Any CPU
		{C06CFA9D-D3BD-427C-9AA7-10C7D55C7937}.Release|Any CPU.Build.0 = Release|Any CPU
		{30573D92-6628-48F2-9A53-F1073D04FD89}.Debug|Any CPU.ActiveCfg = Debug|Any CPU
		{30573D92-6628-48F2-9A53-F1073D04FD89}.Debug|Any CPU.Build.0 = Debug|Any CPU
		{30573D92-6628-48F2-9A53-F1073D04FD89}.Release|Any CPU.ActiveCfg = Release|Any CPU
		{30573D92-6628-48F2-9A53-F1073D04FD89}.Release|Any CPU.Build.0 = Release|Any CPU
	EndGlobalSection
	GlobalSection(SolutionProperties) = preSolution
		HideSolutionNode = FALSE
	EndGlobalSection
	GlobalSection(ExtensibilityGlobals) = postSolution
		SolutionGuid = {16C3B8F4-F17B-4B9B-85A0-C0A5972B916B}
	EndGlobalSection
EndGlobal
